PODS:
  - Flutter (1.0.0)
  - sms_autofill (0.0.1):
    - Flutter

DEPENDENCIES:
  - Flutter (from `.symlinks/flutter/ios`)
  - sms_autofill (from `.symlinks/plugins/sms_autofill/ios`)

EXTERNAL SOURCES:
  Flutter:
    :path: ".symlinks/flutter/ios"
  sms_autofill:
    :path: ".symlinks/plugins/sms_autofill/ios"

SPEC CHECKSUMS:
  Flutter: 9d0fac939486c9aba2809b7982dfdbb47a7b0296
  sms_autofill: 79f027387b3ce35f4fd11b7472b9d7aeea1919ea

PODFILE CHECKSUM: aff02bfeed411c636180d6812254b2daeea14d09

COCOAPODS: 1.5.3
